{
  "name": "mmm-newsfeedticker",
  "version": "2.0.0",
  "lockfileVersion": 3,
  "requires": true,
  "packages": {
    "": {
      "name": "mmm-newsfeedticker",
      "version": "2.0.0",
      "license": "GPL-3.0-only",
      "dependencies": {
        "feedme": "^2.0.2",
        "moment": "^2.30.1",
        "valid-url": "^1.0.9"
      }
    },
    "node_modules/clarinet": {
      "version": "0.12.6",
      "resolved": "https://registry.npmjs.org/clarinet/-/clarinet-0.12.6.tgz",
      "integrity": "sha512-0FR+TrvLbYHLjhzs9oeIbd3yfZmd4u2DzYQEjUTm2dNfh4Y/9RIRWPjsm3aBtrVEpjKI7+lWa4ouqEXoml84mQ==",
      "engines": {
        "chrome": ">=16.0.912",
        "firefox": ">=0.8.0",
        "node": ">=0.3.6"
      }
    },
    "node_modules/feedme": {
      "version": "2.0.2",
      "resolved": "https://registry.npmjs.org/feedme/-/feedme-2.0.2.tgz",
      "integrity": "sha512-0RNn0uLaSey8EThxgABR0T1Q47kSRatYnAXy1cfUc8/eypqXiAu38XGthuwwzb7mESCD9465k6Nym8D9AtB8HA==",
      "dependencies": {
        "clarinet": "^0.12.4",
        "sax": "^1.2.4"
      },
      "engines": {
        "node": ">=10"
      }
    },
    "node_modules/moment": {
      "version": "2.30.1",
      "resolved": "https://registry.npmjs.org/moment/-/moment-2.30.1.tgz",
      "integrity": "sha512-uEmtNhbDOrWPFS+hdjFCBfy9f2YoyzRpwcl+DqpC6taX21FzsTLQVbMV/W7PzNSX6x/bhC1zA3c2UQ5NzH6how==",
      "engines": {
        "node": "*"
      }
    },
    "node_modules/sax": {
      "version": "1.3.0",
      "resolved": "https://registry.npmjs.org/sax/-/sax-1.3.0.tgz",
      "integrity": "sha512-0s+oAmw9zLl1V1cS9BtZN7JAd0cW5e0QH4W3LWEK6a4LaLEA2OTpGYWDY+6XasBLtz6wkm3u1xRw95mRuJ59WA=="
    },
    "node_modules/valid-url": {
      "version": "1.0.9",
      "resolved": "https://registry.npmjs.org/valid-url/-/valid-url-1.0.9.tgz",
      "integrity": "sha512-QQDsV8OnSf5Uc30CKSwG9lnhMPe6exHtTXLRYX8uMwKENy640pU+2BgBL0LRbDh/eYRahNCS7aewCx0wf3NYVA=="
    }
  }
}
